
Microsoft Visual Studio Solution File, Format Version 12.00
# Visual Studio Version 17
VisualStudioVersion = 17.3.32929.385
MinimumVisualStudioVersion = 10.0.40219.1
Project("{8BC9CEB8-8B4A-11D0-8D11-00A0C91BC942}") = "SelectionSort", "SelectionSort\SelectionSort.vcxproj", "{F658545F-EF65-41CB-965A-E7B7CD25E7FE}"
EndProject
Global
	GlobalSection(SolutionConfigurationPlatforms) = preSolution
		Debug|x64 = Debug|x64
		Debug|x86 = Debug|x86
		Release|x64 = Release|x64
		Release|x86 = Release|x86
	EndGlobalSection
	GlobalSection(ProjectConfigurationPlatforms) = postSolution
		{F658545F-EF65-41CB-965A-E7B7CD25E7FE}.Debug|x64.ActiveCfg = Debug|x64
		{F658545F-EF65-41CB-965A-E7B7CD25E7FE}.Debug|x64.Build.0 = Debug|x64
		{F658545F-EF65-41CB-965A-E7B7CD25E7FE}.Debug|x86.ActiveCfg = Debug|Win32
		{F658545F-EF65-41CB-965A-E7B7CD25E7FE}.Debug|x86.Build.0 = Debug|Win32
		{F658545F-EF65-41CB-965A-E7B7CD25E7FE}.Release|x64.ActiveCfg = Release|x64
		{F658545F-EF65-41CB-965A-E7B7CD25E7FE}.Release|x64.Build.0 = Release|x64
		{F658545F-EF65-41CB-965A-E7B7CD25E7FE}.Release|x86.ActiveCfg = Release|Win32
		{F658545F-EF65-41CB-965A-E7B7CD25E7FE}.Release|x86.Build.0 = Release|Win32
	EndGlobalSection
	GlobalSection(SolutionProperties) = preSolution
		HideSolutionNode = FALSE
	EndGlobalSection
	GlobalSection(ExtensibilityGlobals) = postSolution
		SolutionGuid = {1CF0D33C-A027-4B69-B6EB-934F2511DE24}
	EndGlobalSection
EndGlobal
