
Microsoft Visual Studio Solution File, Format Version 12.00
# Visual Studio Version 16
VisualStudioVersion = 16.0.32602.291
MinimumVisualStudioVersion = 10.0.40219.1
Project("{FAE04EC0-301F-11D3-BF4B-00C04F79EFBC}") = "鼠标事件", "鼠标事件\鼠标事件.csproj", "{FD10A89C-A23D-4500-8937-3F26F78D5F56}"
EndProject
Global
	GlobalSection(SolutionConfigurationPlatforms) = preSolution
		Debug|Any CPU = Debug|Any CPU
		Release|Any CPU = Release|Any CPU
	EndGlobalSection
	GlobalSection(ProjectConfigurationPlatforms) = postSolution
		{FD10A89C-A23D-4500-8937-3F26F78D5F56}.Debug|Any CPU.ActiveCfg = Debug|Any CPU
		{FD10A89C-A23D-4500-8937-3F26F78D5F56}.Debug|Any CPU.Build.0 = Debug|Any CPU
		{FD10A89C-A23D-4500-8937-3F26F78D5F56}.Release|Any CPU.ActiveCfg = Release|Any CPU
		{FD10A89C-A23D-4500-8937-3F26F78D5F56}.Release|Any CPU.Build.0 = Release|Any CPU
	EndGlobalSection
	GlobalSection(SolutionProperties) = preSolution
		HideSolutionNode = FALSE
	EndGlobalSection
	GlobalSection(ExtensibilityGlobals) = postSolution
		SolutionGuid = {9C240F9F-5365-4976-9C45-5D7059FA2E5D}
	EndGlobalSection
EndGlobal
