
Microsoft Visual Studio Solution File, Format Version 12.00
# Visual Studio Version 16
VisualStudioVersion = 16.0.32407.337
MinimumVisualStudioVersion = 10.0.40219.1
Project("{FAE04EC0-301F-11D3-BF4B-00C04F79EFBC}") = "模板", "框架\模板.csproj", "{919C871B-82E6-40A6-BA38-2B1B721AE75B}"
EndProject
Global
	GlobalSection(SolutionConfigurationPlatforms) = preSolution
		Debug|Any CPU = Debug|Any CPU
		Release|Any CPU = Release|Any CPU
	EndGlobalSection
	GlobalSection(ProjectConfigurationPlatforms) = postSolution
		{919C871B-82E6-40A6-BA38-2B1B721AE75B}.Debug|Any CPU.ActiveCfg = Debug|Any CPU
		{919C871B-82E6-40A6-BA38-2B1B721AE75B}.Debug|Any CPU.Build.0 = Debug|Any CPU
		{919C871B-82E6-40A6-BA38-2B1B721AE75B}.Release|Any CPU.ActiveCfg = Release|Any CPU
		{919C871B-82E6-40A6-BA38-2B1B721AE75B}.Release|Any CPU.Build.0 = Release|Any CPU
	EndGlobalSection
	GlobalSection(SolutionProperties) = preSolution
		HideSolutionNode = FALSE
	EndGlobalSection
	GlobalSection(ExtensibilityGlobals) = postSolution
		SolutionGuid = {43EADA19-B700-4033-A85B-D68194D6B688}
	EndGlobalSection
EndGlobal
